
Microsoft Visual Studio Solution File, Format Version 12.00
# Visual Studio Version 16
VisualStudioVersion = 16.0.29102.190
MinimumVisualStudioVersion = 10.0.40219.1
Project("{FAE04EC0-301F-11D3-BF4B-00C04F79EFBC}") = "ShakespeareGA", "ShakespeareGA\ShakespeareGA.csproj", "{7332A29C-AC1F-4596-9922-DB8320FA4C6A}"
EndProject
Global
	GlobalSection(SolutionConfigurationPlatforms) = preSolution
		Debug|Any CPU = Debug|Any CPU
		Release|Any CPU = Release|Any CPU
	EndGlobalSection
	GlobalSection(ProjectConfigurationPlatforms) = postSolution
		{7332A29C-AC1F-4596-9922-DB8320FA4C6A}.Debug|Any CPU.ActiveCfg = Debug|Any CPU
		{7332A29C-AC1F-4596-9922-DB8320FA4C6A}.Debug|Any CPU.Build.0 = Debug|Any CPU
		{7332A29C-AC1F-4596-9922-DB8320FA4C6A}.Release|Any CPU.ActiveCfg = Release|Any CPU
		{7332A29C-AC1F-4596-9922-DB8320FA4C6A}.Release|Any CPU.Build.0 = Release|Any CPU
	EndGlobalSection
	GlobalSection(SolutionProperties) = preSolution
		HideSolutionNode = FALSE
	EndGlobalSection
	GlobalSection(ExtensibilityGlobals) = postSolution
		SolutionGuid = {3C03BC74-5471-47C5-AF91-62FC68EBC9A3}
	EndGlobalSection
EndGlobal
